
Microsoft Visual Studio Solution File, Format Version 12.00
# Visual Studio Version 17
VisualStudioVersion = 17.7.34031.279
MinimumVisualStudioVersion = 10.0.40219.1
Project("{9A19103F-16F7-4668-BE54-9A1E7A4F7556}") = "MyLogger", "MyLogger/MyLogger.csproj", "{648D8C26-91DF-49E2-83D9-02B7A03290CA}"
EndProject
Project("{9A19103F-16F7-4668-BE54-9A1E7A4F7556}") = "MyLogger.TestProject", "MyLogger.TestProject\MyLogger.TestProject.csproj", "{7B9A2AF1-004D-45CB-9EB9-446BD8593C4F}"
EndProject
Project("{FAE04EC0-301F-11D3-BF4B-00C04F79EFBC}") = "MyLogger.Tests", "MyLogger.Tests\MyLogger.Tests.csproj", "{7E810F32-57C6-41D2-B576-17D06B8FAC6E}"
EndProject
Global
	GlobalSection(SolutionConfigurationPlatforms) = preSolution
		Debug|Any CPU = Debug|Any CPU
		Release|Any CPU = Release|Any CPU
	EndGlobalSection
	GlobalSection(ProjectConfigurationPlatforms) = postSolution
		{648D8C26-91DF-49E2-83D9-02B7A03290CA}.Debug|Any CPU.ActiveCfg = Debug|Any CPU
		{648D8C26-91DF-49E2-83D9-02B7A03290CA}.Debug|Any CPU.Build.0 = Debug|Any CPU
		{648D8C26-91DF-49E2-83D9-02B7A03290CA}.Release|Any CPU.ActiveCfg = Release|Any CPU
		{648D8C26-91DF-49E2-83D9-02B7A03290CA}.Release|Any CPU.Build.0 = Release|Any CPU
		{7B9A2AF1-004D-45CB-9EB9-446BD8593C4F}.Debug|Any CPU.ActiveCfg = Debug|Any CPU
		{7B9A2AF1-004D-45CB-9EB9-446BD8593C4F}.Debug|Any CPU.Build.0 = Debug|Any CPU
		{7B9A2AF1-004D-45CB-9EB9-446BD8593C4F}.Release|Any CPU.ActiveCfg = Release|Any CPU
		{7B9A2AF1-004D-45CB-9EB9-446BD8593C4F}.Release|Any CPU.Build.0 = Release|Any CPU
		{7E810F32-57C6-41D2-B576-17D06B8FAC6E}.Debug|Any CPU.ActiveCfg = Debug|Any CPU
		{7E810F32-57C6-41D2-B576-17D06B8FAC6E}.Debug|Any CPU.Build.0 = Debug|Any CPU
		{7E810F32-57C6-41D2-B576-17D06B8FAC6E}.Release|Any CPU.ActiveCfg = Release|Any CPU
		{7E810F32-57C6-41D2-B576-17D06B8FAC6E}.Release|Any CPU.Build.0 = Release|Any CPU
	EndGlobalSection
	GlobalSection(SolutionProperties) = preSolution
		HideSolutionNode = FALSE
	EndGlobalSection
	GlobalSection(ExtensibilityGlobals) = postSolution
		SolutionGuid = {D578A922-6815-493C-A16A-640E131B14B3}
	EndGlobalSection
EndGlobal
